{
  "name": "site",
  "version": "0.1.0",
  "lockfileVersion": 3,
  "requires": true,
  "packages": {
    "": {
      "name": "site",
      "version": "0.1.0",
      "license": "Apache-2.0",
      "dependencies": {
        "@mdi/font": "^7.2.96",
        "bulma": "^0.9.4"
      }
    },
    "node_modules/@mdi/font": {
      "version": "7.2.96",
      "resolved": "https://registry.npmjs.org/@mdi/font/-/font-7.2.96.tgz",
      "integrity": "sha512-e//lmkmpFUMZKhmCY9zdjRe4zNXfbOIJnn6xveHbaV2kSw5aJ5dLXUxcRt1Gxfi7ZYpFLUWlkG2MGSFAiqAu7w=="
    },
    "node_modules/bulma": {
      "version": "0.9.4",
      "resolved": "https://registry.npmjs.org/bulma/-/bulma-0.9.4.tgz",
      "integrity": "sha512-86FlT5+1GrsgKbPLRRY7cGDg8fsJiP/jzTqXXVqiUZZ2aZT8uemEOHlU1CDU+TxklPEZ11HZNNWclRBBecP4CQ=="
    }
  }
}
